// !$*UTF8*$!
{
	archiveVersion = 1;
	classes = {
	};
	objectVersion = 56;
	objects = {

/* Begin PBXBuildFile section */
		37AB50202BEFE60C00C0BFE7 /* TableItem.swift in Sources */ = {isa = PBXBuildFile; fileRef = 37AB501F2BEFE60C00C0BFE7 /* TableItem.swift */; };
		37AB50222BEFE6C200C0BFE7 /* TableCell.swift in Sources */ = {isa = PBXBuildFile; fileRef = 37AB50212BEFE6C200C0BFE7 /* TableCell.swift */; };
		37AB50252BEFE72000C0BFE7 /* CellProtocol.swift in Sources */ = {isa = PBXBuildFile; fileRef = 37AB50242BEFE72000C0BFE7 /* CellProtocol.swift */; };
		37AB50272BEFF84C00C0BFE7 /* VCCollection.ext.swift in Sources */ = {isa = PBXBuildFile; fileRef = 37AB50262BEFF84C00C0BFE7 /* VCCollection.ext.swift */; };
		37AB50292BEFF8CA00C0BFE7 /* VCTable.ext.swift in Sources */ = {isa = PBXBuildFile; fileRef = 37AB50282BEFF8CA00C0BFE7 /* VCTable.ext.swift */; };
		37D38A562BEDD6C700F29346 /* AppDelegate.swift in Sources */ = {isa = PBXBuildFile; fileRef = 37D38A552BEDD6C700F29346 /* AppDelegate.swift */; };
		37D38A582BEDD6C700F29346 /* SceneDelegate.swift in Sources */ = {isa = PBXBuildFile; fileRef = 37D38A572BEDD6C700F29346 /* SceneDelegate.swift */; };
		37D38A5A2BEDD6C700F29346 /* ViewController.swift in Sources */ = {isa = PBXBuildFile; fileRef = 37D38A592BEDD6C700F29346 /* ViewController.swift */; };
		37D38A5F2BEDD6C900F29346 /* Assets.xcassets in Resources */ = {isa = PBXBuildFile; fileRef = 37D38A5E2BEDD6C900F29346 /* Assets.xcassets */; };
		37D38A622BEDD6C900F29346 /* Base in Resources */ = {isa = PBXBuildFile; fileRef = 37D38A612BEDD6C900F29346 /* Base */; };
		37D38A6A2BEDF28900F29346 /* AppUIFuncs.swift in Sources */ = {isa = PBXBuildFile; fileRef = 37D38A692BEDF28900F29346 /* AppUIFuncs.swift */; };
		37D38A6D2BEDF3AD00F29346 /* UIView.ext.swift in Sources */ = {isa = PBXBuildFile; fileRef = 37D38A6C2BEDF3AD00F29346 /* UIView.ext.swift */; };
		37D38A702BEDFCD100F29346 /* KitStarterItem.swift in Sources */ = {isa = PBXBuildFile; fileRef = 37D38A6F2BEDFCD100F29346 /* KitStarterItem.swift */; };
		37D38A722BEDFD8800F29346 /* KitStarterSection.swift in Sources */ = {isa = PBXBuildFile; fileRef = 37D38A712BEDFD8800F29346 /* KitStarterSection.swift */; };
		37D38A772BEE047600F29346 /* ItemCell.swift in Sources */ = {isa = PBXBuildFile; fileRef = 37D38A762BEE047600F29346 /* ItemCell.swift */; };
		37D38A792BEE15CE00F29346 /* HeaderCell.swift in Sources */ = {isa = PBXBuildFile; fileRef = 37D38A782BEE15CE00F29346 /* HeaderCell.swift */; };
		37D38A7B2BEE18AD00F29346 /* HeaderItem.swift in Sources */ = {isa = PBXBuildFile; fileRef = 37D38A7A2BEE18AD00F29346 /* HeaderItem.swift */; };
/* End PBXBuildFile section */

/* Begin PBXFileReference section */
		37AB501F2BEFE60C00C0BFE7 /* TableItem.swift */ = {isa = PBXFileReference; lastKnownFileType = sourcecode.swift; path = TableItem.swift; sourceTree = "<group>"; };
		37AB50212BEFE6C200C0BFE7 /* TableCell.swift */ = {isa = PBXFileReference; lastKnownFileType = sourcecode.swift; path = TableCell.swift; sourceTree = "<group>"; };
		37AB50242BEFE72000C0BFE7 /* CellProtocol.swift */ = {isa = PBXFileReference; lastKnownFileType = sourcecode.swift; path = CellProtocol.swift; sourceTree = "<group>"; };
		37AB50262BEFF84C00C0BFE7 /* VCCollection.ext.swift */ = {isa = PBXFileReference; lastKnownFileType = sourcecode.swift; path = VCCollection.ext.swift; sourceTree = "<group>"; };
		37AB50282BEFF8CA00C0BFE7 /* VCTable.ext.swift */ = {isa = PBXFileReference; lastKnownFileType = sourcecode.swift; path = VCTable.ext.swift; sourceTree = "<group>"; };
		37D38A522BEDD6C700F29346 /* HW13.app */ = {isa = PBXFileReference; explicitFileType = wrapper.application; includeInIndex = 0; path = HW13.app; sourceTree = BUILT_PRODUCTS_DIR; };
		37D38A552BEDD6C700F29346 /* AppDelegate.swift */ = {isa = PBXFileReference; lastKnownFileType = sourcecode.swift; path = AppDelegate.swift; sourceTree = "<group>"; };
		37D38A572BEDD6C700F29346 /* SceneDelegate.swift */ = {isa = PBXFileReference; lastKnownFileType = sourcecode.swift; path = SceneDelegate.swift; sourceTree = "<group>"; };
		37D38A592BEDD6C700F29346 /* ViewController.swift */ = {isa = PBXFileReference; lastKnownFileType = sourcecode.swift; path = ViewController.swift; sourceTree = "<group>"; };
		37D38A5E2BEDD6C900F29346 /* Assets.xcassets */ = {isa = PBXFileReference; lastKnownFileType = folder.assetcatalog; path = Assets.xcassets; sourceTree = "<group>"; };
		37D38A612BEDD6C900F29346 /* Base */ = {isa = PBXFileReference; lastKnownFileType = file.storyboard; name = Base; path = Base.lproj/LaunchScreen.storyboard; sourceTree = "<group>"; };
		37D38A632BEDD6C900F29346 /* Info.plist */ = {isa = PBXFileReference; lastKnownFileType = text.plist.xml; path = Info.plist; sourceTree = "<group>"; };
		37D38A692BEDF28900F29346 /* AppUIFuncs.swift */ = {isa = PBXFileReference; lastKnownFileType = sourcecode.swift; path = AppUIFuncs.swift; sourceTree = "<group>"; };
		37D38A6C2BEDF3AD00F29346 /* UIView.ext.swift */ = {isa = PBXFileReference; lastKnownFileType = sourcecode.swift; path = UIView.ext.swift; sourceTree = "<group>"; };
		37D38A6F2BEDFCD100F29346 /* KitStarterItem.swift */ = {isa = PBXFileReference; lastKnownFileType = sourcecode.swift; path = KitStarterItem.swift; sourceTree = "<group>"; };
		37D38A712BEDFD8800F29346 /* KitStarterSection.swift */ = {isa = PBXFileReference; lastKnownFileType = sourcecode.swift; path = KitStarterSection.swift; sourceTree = "<group>"; };
		37D38A762BEE047600F29346 /* ItemCell.swift */ = {isa = PBXFileReference; lastKnownFileType = sourcecode.swift; path = ItemCell.swift; sourceTree = "<group>"; };
		37D38A782BEE15CE00F29346 /* HeaderCell.swift */ = {isa = PBXFileReference; lastKnownFileType = sourcecode.swift; path = HeaderCell.swift; sourceTree = "<group>"; };
		37D38A7A2BEE18AD00F29346 /* HeaderItem.swift */ = {isa = PBXFileReference; lastKnownFileType = sourcecode.swift; path = HeaderItem.swift; sourceTree = "<group>"; };
/* End PBXFileReference section */

/* Begin PBXFrameworksBuildPhase section */
		37D38A4F2BEDD6C700F29346 /* Frameworks */ = {
			isa = PBXFrameworksBuildPhase;
			buildActionMask = 2147483647;
			files = (
			);
			runOnlyForDeploymentPostprocessing = 0;
		};
/* End PBXFrameworksBuildPhase section */

/* Begin PBXGroup section */
		37AB50232BEFE70E00C0BFE7 /* Protocol */ = {
			isa = PBXGroup;
			children = (
				37AB50242BEFE72000C0BFE7 /* CellProtocol.swift */,
			);
			path = Protocol;
			sourceTree = "<group>";
		};
		37D38A492BEDD6C700F29346 = {
			isa = PBXGroup;
			children = (
				37D38A542BEDD6C700F29346 /* HW13 */,
				37D38A532BEDD6C700F29346 /* Products */,
			);
			sourceTree = "<group>";
		};
		37D38A532BEDD6C700F29346 /* Products */ = {
			isa = PBXGroup;
			children = (
				37D38A522BEDD6C700F29346 /* HW13.app */,
			);
			name = Products;
			sourceTree = "<group>";
		};
		37D38A542BEDD6C700F29346 /* HW13 */ = {
			isa = PBXGroup;
			children = (
				37AB50232BEFE70E00C0BFE7 /* Protocol */,
				37D38A592BEDD6C700F29346 /* ViewController.swift */,
				37D38A752BEE045700F29346 /* Cell */,
				37D38A6E2BEDFCAF00F29346 /* Model */,
				37D38A6B2BEDF39500F29346 /* Extensions */,
				37D38A552BEDD6C700F29346 /* AppDelegate.swift */,
				37D38A572BEDD6C700F29346 /* SceneDelegate.swift */,
				37D38A5E2BEDD6C900F29346 /* Assets.xcassets */,
				37D38A602BEDD6C900F29346 /* LaunchScreen.storyboard */,
				37D38A632BEDD6C900F29346 /* Info.plist */,
				37D38A692BEDF28900F29346 /* AppUIFuncs.swift */,
			);
			path = HW13;
			sourceTree = "<group>";
		};
		37D38A6B2BEDF39500F29346 /* Extensions */ = {
			isa = PBXGroup;
			children = (
				37D38A6C2BEDF3AD00F29346 /* UIView.ext.swift */,
				37AB50262BEFF84C00C0BFE7 /* VCCollection.ext.swift */,
				37AB50282BEFF8CA00C0BFE7 /* VCTable.ext.swift */,
			);
			path = Extensions;
			sourceTree = "<group>";
		};
		37D38A6E2BEDFCAF00F29346 /* Model */ = {
			isa = PBXGroup;
			children = (
				37D38A6F2BEDFCD100F29346 /* KitStarterItem.swift */,
				37D38A712BEDFD8800F29346 /* KitStarterSection.swift */,
				37D38A7A2BEE18AD00F29346 /* HeaderItem.swift */,
				37AB501F2BEFE60C00C0BFE7 /* TableItem.swift */,
			);
			path = Model;
			sourceTree = "<group>";
		};
		37D38A752BEE045700F29346 /* Cell */ = {
			isa = PBXGroup;
			children = (
				37D38A762BEE047600F29346 /* ItemCell.swift */,
				37D38A782BEE15CE00F29346 /* HeaderCell.swift */,
				37AB50212BEFE6C200C0BFE7 /* TableCell.swift */,
			);
			path = Cell;
			sourceTree = "<group>";
		};
/* End PBXGroup section */

/* Begin PBXNativeTarget section */
		37D38A512BEDD6C700F29346 /* HW13 */ = {
			isa = PBXNativeTarget;
			buildConfigurationList = 37D38A662BEDD6C900F29346 /* Build configuration list for PBXNativeTarget "HW13" */;
			buildPhases = (
				37D38A4E2BEDD6C700F29346 /* Sources */,
				37D38A4F2BEDD6C700F29346 /* Frameworks */,
				37D38A502BEDD6C700F29346 /* Resources */,
			);
			buildRules = (
			);
			dependencies = (
			);
			name = HW13;
			productName = HW13;
			productReference = 37D38A522BEDD6C700F29346 /* HW13.app */;
			productType = "com.apple.product-type.application";
		};
/* End PBXNativeTarget section */

/* Begin PBXProject section */
		37D38A4A2BEDD6C700F29346 /* Project object */ = {
			isa = PBXProject;
			attributes = {
				BuildIndependentTargetsInParallel = 1;
				LastSwiftUpdateCheck = 1530;
				LastUpgradeCheck = 1530;
				TargetAttributes = {
					37D38A512BEDD6C700F29346 = {
						CreatedOnToolsVersion = 15.3;
					};
				};
			};
			buildConfigurationList = 37D38A4D2BEDD6C700F29346 /* Build configuration list for PBXProject "HW13" */;
			compatibilityVersion = "Xcode 14.0";
			developmentRegion = en;
			hasScannedForEncodings = 0;
			knownRegions = (
				en,
				Base,
			);
			mainGroup = 37D38A492BEDD6C700F29346;
			productRefGroup = 37D38A532BEDD6C700F29346 /* Products */;
			projectDirPath = "";
			projectRoot = "";
			targets = (
				37D38A512BEDD6C700F29346 /* HW13 */,
			);
		};
/* End PBXProject section */

/* Begin PBXResourcesBuildPhase section */
		37D38A502BEDD6C700F29346 /* Resources */ = {
			isa = PBXResourcesBuildPhase;
			buildActionMask = 2147483647;
			files = (
				37D38A5F2BEDD6C900F29346 /* Assets.xcassets in Resources */,
				37D38A622BEDD6C900F29346 /* Base in Resources */,
			);
			runOnlyForDeploymentPostprocessing = 0;
		};
/* End PBXResourcesBuildPhase section */

/* Begin PBXSourcesBuildPhase section */
		37D38A4E2BEDD6C700F29346 /* Sources */ = {
			isa = PBXSourcesBuildPhase;
			buildActionMask = 2147483647;
			files = (
				37AB50222BEFE6C200C0BFE7 /* TableCell.swift in Sources */,
				37D38A7B2BEE18AD00F29346 /* HeaderItem.swift in Sources */,
				37D38A772BEE047600F29346 /* ItemCell.swift in Sources */,
				37AB50202BEFE60C00C0BFE7 /* TableItem.swift in Sources */,
				37D38A5A2BEDD6C700F29346 /* ViewController.swift in Sources */,
				37AB50292BEFF8CA00C0BFE7 /* VCTable.ext.swift in Sources */,
				37D38A6A2BEDF28900F29346 /* AppUIFuncs.swift in Sources */,
				37AB50272BEFF84C00C0BFE7 /* VCCollection.ext.swift in Sources */,
				37D38A722BEDFD8800F29346 /* KitStarterSection.swift in Sources */,
				37D38A792BEE15CE00F29346 /* HeaderCell.swift in Sources */,
				37D38A702BEDFCD100F29346 /* KitStarterItem.swift in Sources */,
				37D38A562BEDD6C700F29346 /* AppDelegate.swift in Sources */,
				37D38A6D2BEDF3AD00F29346 /* UIView.ext.swift in Sources */,
				37D38A582BEDD6C700F29346 /* SceneDelegate.swift in Sources */,
				37AB50252BEFE72000C0BFE7 /* CellProtocol.swift in Sources */,
			);
			runOnlyForDeploymentPostprocessing = 0;
		};
/* End PBXSourcesBuildPhase section */

/* Begin PBXVariantGroup section */
		37D38A602BEDD6C900F29346 /* LaunchScreen.storyboard */ = {
			isa = PBXVariantGroup;
			children = (
				37D38A612BEDD6C900F29346 /* Base */,
			);
			name = LaunchScreen.storyboard;
			sourceTree = "<group>";
		};
/* End PBXVariantGroup section */

/* Begin XCBuildConfiguration section */
		37D38A642BEDD6C900F29346 /* Debug */ = {
			isa = XCBuildConfiguration;
			buildSettings = {
				ALWAYS_SEARCH_USER_PATHS = NO;
				ASSETCATALOG_COMPILER_GENERATE_SWIFT_ASSET_SYMBOL_EXTENSIONS = YES;
				CLANG_ANALYZER_NONNULL = YES;
				CLANG_ANALYZER_NUMBER_OBJECT_CONVERSION = YES_AGGRESSIVE;
				CLANG_CXX_LANGUAGE_STANDARD = "gnu++20";
				CLANG_ENABLE_MODULES = YES;
				CLANG_ENABLE_OBJC_ARC = YES;
				CLANG_ENABLE_OBJC_WEAK = YES;
				CLANG_WARN_BLOCK_CAPTURE_AUTORELEASING = YES;
				CLANG_WARN_BOOL_CONVERSION = YES;
				CLANG_WARN_COMMA = YES;
				CLANG_WARN_CONSTANT_CONVERSION = YES;
				CLANG_WARN_DEPRECATED_OBJC_IMPLEMENTATIONS = YES;
				CLANG_WARN_DIRECT_OBJC_ISA_USAGE = YES_ERROR;
				CLANG_WARN_DOCUMENTATION_COMMENTS = YES;
				CLANG_WARN_EMPTY_BODY = YES;
				CLANG_WARN_ENUM_CONVERSION = YES;
				CLANG_WARN_INFINITE_RECURSION = YES;
				CLANG_WARN_INT_CONVERSION = YES;
				CLANG_WARN_NON_LITERAL_NULL_CONVERSION = YES;
				CLANG_WARN_OBJC_IMPLICIT_RETAIN_SELF = YES;
				CLANG_WARN_OBJC_LITERAL_CONVERSION = YES;
				CLANG_WARN_OBJC_ROOT_CLASS = YES_ERROR;
				CLANG_WARN_QUOTED_INCLUDE_IN_FRAMEWORK_HEADER = YES;
				CLANG_WARN_RANGE_LOOP_ANALYSIS = YES;
				CLANG_WARN_STRICT_PROTOTYPES = YES;
				CLANG_WARN_SUSPICIOUS_MOVE = YES;
				CLANG_WARN_UNGUARDED_AVAILABILITY = YES_AGGRESSIVE;
				CLANG_WARN_UNREACHABLE_CODE = YES;
				CLANG_WARN__DUPLICATE_METHOD_MATCH = YES;
				COPY_PHASE_STRIP = NO;
				DEBUG_INFORMATION_FORMAT = dwarf;
				ENABLE_STRICT_OBJC_MSGSEND = YES;
				ENABLE_TESTABILITY = YES;
				ENABLE_USER_SCRIPT_SANDBOXING = YES;
				GCC_C_LANGUAGE_STANDARD = gnu17;
				GCC_DYNAMIC_NO_PIC = NO;
				GCC_NO_COMMON_BLOCKS = YES;
				GCC_OPTIMIZATION_LEVEL = 0;
				GCC_PREPROCESSOR_DEFINITIONS = (
					"DEBUG=1",
					"$(inherited)",
				);
				GCC_WARN_64_TO_32_BIT_CONVERSION = YES;
				GCC_WARN_ABOUT_RETURN_TYPE = YES_ERROR;
				GCC_WARN_UNDECLARED_SELECTOR = YES;
				GCC_WARN_UNINITIALIZED_AUTOS = YES_AGGRESSIVE;
				GCC_WARN_UNUSED_FUNCTION = YES;
				GCC_WARN_UNUSED_VARIABLE = YES;
				IPHONEOS_DEPLOYMENT_TARGET = 17.4;
				LOCALIZATION_PREFERS_STRING_CATALOGS = YES;
				MTL_ENABLE_DEBUG_INFO = INCLUDE_SOURCE;
				MTL_FAST_MATH = YES;
				ONLY_ACTIVE_ARCH = YES;
				SDKROOT = iphoneos;
				SWIFT_ACTIVE_COMPILATION_CONDITIONS = "DEBUG $(inherited)";
				SWIFT_OPTIMIZATION_LEVEL = "-Onone";
			};
			name = Debug;
		};
		37D38A652BEDD6C900F29346 /* Release */ = {
			isa = XCBuildConfiguration;
			buildSettings = {
				ALWAYS_SEARCH_USER_PATHS = NO;
				ASSETCATALOG_COMPILER_GENERATE_SWIFT_ASSET_SYMBOL_EXTENSIONS = YES;
				CLANG_ANALYZER_NONNULL = YES;
				CLANG_ANALYZER_NUMBER_OBJECT_CONVERSION = YES_AGGRESSIVE;
				CLANG_CXX_LANGUAGE_STANDARD = "gnu++20";
				CLANG_ENABLE_MODULES = YES;
				CLANG_ENABLE_OBJC_ARC = YES;
				CLANG_ENABLE_OBJC_WEAK = YES;
				CLANG_WARN_BLOCK_CAPTURE_AUTORELEASING = YES;
				CLANG_WARN_BOOL_CONVERSION = YES;
				CLANG_WARN_COMMA = YES;
				CLANG_WARN_CONSTANT_CONVERSION = YES;
				CLANG_WARN_DEPRECATED_OBJC_IMPLEMENTATIONS = YES;
				CLANG_WARN_DIRECT_OBJC_ISA_USAGE = YES_ERROR;
				CLANG_WARN_DOCUMENTATION_COMMENTS = YES;
				CLANG_WARN_EMPTY_BODY = YES;
				CLANG_WARN_ENUM_CONVERSION = YES;
				CLANG_WARN_INFINITE_RECURSION = YES;
				CLANG_WARN_INT_CONVERSION = YES;
				CLANG_WARN_NON_LITERAL_NULL_CONVERSION = YES;
				CLANG_WARN_OBJC_IMPLICIT_RETAIN_SELF = YES;
				CLANG_WARN_OBJC_LITERAL_CONVERSION = YES;
				CLANG_WARN_OBJC_ROOT_CLASS = YES_ERROR;
				CLANG_WARN_QUOTED_INCLUDE_IN_FRAMEWORK_HEADER = YES;
				CLANG_WARN_RANGE_LOOP_ANALYSIS = YES;
				CLANG_WARN_STRICT_PROTOTYPES = YES;
				CLANG_WARN_SUSPICIOUS_MOVE = YES;
				CLANG_WARN_UNGUARDED_AVAILABILITY = YES_AGGRESSIVE;
				CLANG_WARN_UNREACHABLE_CODE = YES;
				CLANG_WARN__DUPLICATE_METHOD_MATCH = YES;
				COPY_PHASE_STRIP = NO;
				DEBUG_INFORMATION_FORMAT = "dwarf-with-dsym";
				ENABLE_NS_ASSERTIONS = NO;
				ENABLE_STRICT_OBJC_MSGSEND = YES;
				ENABLE_USER_SCRIPT_SANDBOXING = YES;
				GCC_C_LANGUAGE_STANDARD = gnu17;
				GCC_NO_COMMON_BLOCKS = YES;
				GCC_WARN_64_TO_32_BIT_CONVERSION = YES;
				GCC_WARN_ABOUT_RETURN_TYPE = YES_ERROR;
				GCC_WARN_UNDECLARED_SELECTOR = YES;
				GCC_WARN_UNINITIALIZED_AUTOS = YES_AGGRESSIVE;
				GCC_WARN_UNUSED_FUNCTION = YES;
				GCC_WARN_UNUSED_VARIABLE = YES;
				IPHONEOS_DEPLOYMENT_TARGET = 17.4;
				LOCALIZATION_PREFERS_STRING_CATALOGS = YES;
				MTL_ENABLE_DEBUG_INFO = NO;
				MTL_FAST_MATH = YES;
				SDKROOT = iphoneos;
				SWIFT_COMPILATION_MODE = wholemodule;
				VALIDATE_PRODUCT = YES;
			};
			name = Release;
		};
		37D38A672BEDD6C900F29346 /* Debug */ = {
			isa = XCBuildConfiguration;
			buildSettings = {
				ASSETCATALOG_COMPILER_APPICON_NAME = AppIcon;
				ASSETCATALOG_COMPILER_GLOBAL_ACCENT_COLOR_NAME = AccentColor;
				CODE_SIGN_STYLE = Automatic;
				CURRENT_PROJECT_VERSION = 1;
				DEVELOPMENT_TEAM = T3Y57V3BSA;
				GENERATE_INFOPLIST_FILE = YES;
				INFOPLIST_FILE = HW13/Info.plist;
				INFOPLIST_KEY_UIApplicationSupportsIndirectInputEvents = YES;
				INFOPLIST_KEY_UILaunchStoryboardName = LaunchScreen;
				INFOPLIST_KEY_UISupportedInterfaceOrientations_iPad = "UIInterfaceOrientationPortrait UIInterfaceOrientationPortraitUpsideDown UIInterfaceOrientationLandscapeLeft UIInterfaceOrientationLandscapeRight";
				INFOPLIST_KEY_UISupportedInterfaceOrientations_iPhone = "UIInterfaceOrientationPortrait UIInterfaceOrientationLandscapeLeft UIInterfaceOrientationLandscapeRight";
				LD_RUNPATH_SEARCH_PATHS = (
					"$(inherited)",
					"@executable_path/Frameworks",
				);
				MARKETING_VERSION = 1.0;
				PRODUCT_BUNDLE_IDENTIFIER = com.grad0ff.Developer.HW13;
				PRODUCT_NAME = "$(TARGET_NAME)";
				SWIFT_EMIT_LOC_STRINGS = YES;
				SWIFT_VERSION = 5.0;
				TARGETED_DEVICE_FAMILY = "1,2";
			};
			name = Debug;
		};
		37D38A682BEDD6C900F29346 /* Release */ = {
			isa = XCBuildConfiguration;
			buildSettings = {
				ASSETCATALOG_COMPILER_APPICON_NAME = AppIcon;
				ASSETCATALOG_COMPILER_GLOBAL_ACCENT_COLOR_NAME = AccentColor;
				CODE_SIGN_STYLE = Automatic;
				CURRENT_PROJECT_VERSION = 1;
				DEVELOPMENT_TEAM = T3Y57V3BSA;
				GENERATE_INFOPLIST_FILE = YES;
				INFOPLIST_FILE = HW13/Info.plist;
				INFOPLIST_KEY_UIApplicationSupportsIndirectInputEvents = YES;
				INFOPLIST_KEY_UILaunchStoryboardName = LaunchScreen;
				INFOPLIST_KEY_UISupportedInterfaceOrientations_iPad = "UIInterfaceOrientationPortrait UIInterfaceOrientationPortraitUpsideDown UIInterfaceOrientationLandscapeLeft UIInterfaceOrientationLandscapeRight";
				INFOPLIST_KEY_UISupportedInterfaceOrientations_iPhone = "UIInterfaceOrientationPortrait UIInterfaceOrientationLandscapeLeft UIInterfaceOrientationLandscapeRight";
				LD_RUNPATH_SEARCH_PATHS = (
					"$(inherited)",
					"@executable_path/Frameworks",
				);
				MARKETING_VERSION = 1.0;
				PRODUCT_BUNDLE_IDENTIFIER = com.grad0ff.Developer.HW13;
				PRODUCT_NAME = "$(TARGET_NAME)";
				SWIFT_EMIT_LOC_STRINGS = YES;
				SWIFT_VERSION = 5.0;
				TARGETED_DEVICE_FAMILY = "1,2";
			};
			name = Release;
		};
/* End XCBuildConfiguration section */

/* Begin XCConfigurationList section */
		37D38A4D2BEDD6C700F29346 /* Build configuration list for PBXProject "HW13" */ = {
			isa = XCConfigurationList;
			buildConfigurations = (
				37D38A642BEDD6C900F29346 /* Debug */,
				37D38A652BEDD6C900F29346 /* Release */,
			);
			defaultConfigurationIsVisible = 0;
			defaultConfigurationName = Release;
		};
		37D38A662BEDD6C900F29346 /* Build configuration list for PBXNativeTarget "HW13" */ = {
			isa = XCConfigurationList;
			buildConfigurations = (
				37D38A672BEDD6C900F29346 /* Debug */,
				37D38A682BEDD6C900F29346 /* Release */,
			);
			defaultConfigurationIsVisible = 0;
			defaultConfigurationName = Release;
		};
/* End XCConfigurationList section */
	};
	rootObject = 37D38A4A2BEDD6C700F29346 /* Project object */;
}
